
Microsoft Visual Studio Solution File, Format Version 12.00
# Visual Studio Version 16
VisualStudioVersion = 16.0.31729.503
MinimumVisualStudioVersion = 10.0.40219.1
Project("{FAE04EC0-301F-11D3-BF4B-00C04F79EFBC}") = "NeedlemanWunschProject", "NeedlemanWunschProject\NeedlemanWunschProject.csproj", "{E6381BAF-EA66-4160-B26D-2913CF2892FE}"
EndProject
Global
	GlobalSection(SolutionConfigurationPlatforms) = preSolution
		Debug|Any CPU = Debug|Any CPU
		Release|Any CPU = Release|Any CPU
	EndGlobalSection
	GlobalSection(ProjectConfigurationPlatforms) = postSolution
		{E6381BAF-EA66-4160-B26D-2913CF2892FE}.Debug|Any CPU.ActiveCfg = Debug|Any CPU
		{E6381BAF-EA66-4160-B26D-2913CF2892FE}.Debug|Any CPU.Build.0 = Debug|Any CPU
		{E6381BAF-EA66-4160-B26D-2913CF2892FE}.Release|Any CPU.ActiveCfg = Release|Any CPU
		{E6381BAF-EA66-4160-B26D-2913CF2892FE}.Release|Any CPU.Build.0 = Release|Any CPU
	EndGlobalSection
	GlobalSection(SolutionProperties) = preSolution
		HideSolutionNode = FALSE
	EndGlobalSection
	GlobalSection(ExtensibilityGlobals) = postSolution
		SolutionGuid = {2B892B54-CF98-46D7-B2CC-75259ACA2275}
	EndGlobalSection
EndGlobal
